# THIS IS AN AUTOGENERATED FILE. DO NOT EDIT THIS FILE DIRECTLY.
# yarn lockfile v1


"@digibear/middleware@^0.2.3":
  version "0.2.3"
  resolved "https://registry.yarnpkg.com/@digibear/middleware/-/middleware-0.2.3.tgz#2b4f5e860021bf67380b099c11915c79280069d5"
  integrity sha512-aZffpROKZ5OQFQheqxBJLzxbNSDV8+SZ+aJET669N/eIMqRInKIDehPz4J+di+DCOkeN7OCItpOsXdX3R6zYHQ==

"@types/pegjs@^0.10.2":
  version "0.10.2"
  resolved "https://registry.yarnpkg.com/@types/pegjs/-/pegjs-0.10.2.tgz#25ecdef12a210bb2e8b6ef3105bacb4a85a666bc"
  integrity sha512-HSiQX7133jjMBOrN3kWaLlpelS6Bg95uJaesr3nwf8qz9MTQorXqbLlErYGxKqXuYgRCKmSLUk0faCKS4yzT3g==

pegjs@^0.10.0:
  version "0.10.0"
  resolved "https://registry.yarnpkg.com/pegjs/-/pegjs-0.10.0.tgz#cf8bafae6eddff4b5a7efb185269eaaf4610ddbd"
  integrity sha1-z4uvrm7d/0tafvsYUmnqr0YQ3b0=

typescript@^4.0.3:
  version "4.2.3"
  resolved "https://registry.yarnpkg.com/typescript/-/typescript-4.2.3.tgz#39062d8019912d43726298f09493d598048c1ce3"
  integrity sha512-qOcYwxaByStAWrBf4x0fibwZvMRG+r4cQoTjbPtUlrWjBHbmCAww1i448U0GJ+3cNNEtebDteo/cHOR3xJ4wEw==
